{
    "version": 3,
    "terraform_version": "0.11.8",
    "serial": 5,
    "lineage": "a904af27-414f-b8fd-77a4-59d14fe41f7f",
    "modules": [
        {
            "path": [
                "root"
            ],
            "outputs": {},
            "resources": {
                "aws_eip.forNat": {
                    "type": "aws_eip",
                    "depends_on": [],
                    "primary": {
                        "id": "eipalloc-0cfab666b83dd4210",
                        "attributes": {
                            "association_id": "eipassoc-639d279f",
                            "domain": "vpc",
                            "id": "eipalloc-0cfab666b83dd4210",
                            "instance": "",
                            "network_interface": "eni-0716d9e1e13695e4d",
                            "private_ip": "172.28.0.197",
                            "public_ip": "18.216.252.167",
                            "tags.%": "0",
                            "vpc": "true"
                        },
                        "meta": {
                            "e2bfb730-ecaa-11e6-8f88-34363bc7c4c0": {
                                "delete": 180000000000,
                                "read": 900000000000,
                                "update": 300000000000
                            }
                        },
                        "tainted": false
                    },
                    "deposed": [],
                    "provider": "provider.aws"
                },
                "aws_elb.web": {
                    "type": "aws_elb",
                    "depends_on": [
                        "aws_instance.phpapp.*",
                        "aws_security_group.FrontEnd",
                        "aws_subnet.PublicAZA"
                    ],
                    "primary": {
                        "id": "kasun-elb",
                        "attributes": {
                            "access_logs.#": "0",
                            "arn": "arn:aws:elasticloadbalancing:us-east-2:699293280973:loadbalancer/kasun-elb",
                            "availability_zones.#": "1",
                            "availability_zones.4293815384": "us-east-2a",
                            "connection_draining": "false",
                            "connection_draining_timeout": "300",
                            "cross_zone_load_balancing": "true",
                            "dns_name": "kasun-elb-884033562.us-east-2.elb.amazonaws.com",
                            "health_check.#": "1",
                            "health_check.0.healthy_threshold": "10",
                            "health_check.0.interval": "30",
                            "health_check.0.target": "TCP:80",
                            "health_check.0.timeout": "5",
                            "health_check.0.unhealthy_threshold": "2",
                            "id": "kasun-elb",
                            "idle_timeout": "60",
                            "instances.#": "2",
                            "instances.2886268090": "i-0aa3c09b8f80dc921",
                            "instances.818090387": "i-0f3cf2931750f3f00",
                            "internal": "false",
                            "listener.#": "1",
                            "listener.3057123346.instance_port": "80",
                            "listener.3057123346.instance_protocol": "http",
                            "listener.3057123346.lb_port": "80",
                            "listener.3057123346.lb_protocol": "http",
                            "listener.3057123346.ssl_certificate_id": "",
                            "name": "kasun-elb",
                            "security_groups.#": "1",
                            "security_groups.3129110154": "sg-072b31ff9da989169",
                            "source_security_group": "699293280973/FrontEnd",
                            "source_security_group_id": "sg-072b31ff9da989169",
                            "subnets.#": "1",
                            "subnets.217281962": "subnet-077e421eee27f5951",
                            "tags.%": "0",
                            "zone_id": "Z3AADJGX6KTTL2"
                        },
                        "meta": {},
                        "tainted": false
                    },
                    "deposed": [],
                    "provider": "provider.aws"
                },
                "aws_instance.database": {
                    "type": "aws_instance",
                    "depends_on": [
                        "aws_security_group.Database",
                        "aws_subnet.PrivateAZA"
                    ],
                    "primary": {
                        "id": "i-092bab66d9dc2c5d1",
                        "attributes": {
                            "ami": "ami-ea87a78f",
                            "arn": "arn:aws:ec2:us-east-2:699293280973:instance/i-092bab66d9dc2c5d1",
                            "associate_public_ip_address": "false",
                            "availability_zone": "us-east-2b",
                            "cpu_core_count": "1",
                            "cpu_threads_per_core": "1",
                            "credit_specification.#": "1",
                            "credit_specification.0.cpu_credits": "standard",
                            "disable_api_termination": "false",
                            "ebs_block_device.#": "0",
                            "ebs_optimized": "false",
                            "ephemeral_block_device.#": "0",
                            "get_password_data": "false",
                            "iam_instance_profile": "",
                            "id": "i-092bab66d9dc2c5d1",
                            "instance_state": "running",
                            "instance_type": "t2.micro",
                            "ipv6_addresses.#": "0",
                            "key_name": "kasun",
                            "monitoring": "false",
                            "network_interface.#": "0",
                            "network_interface_id": "eni-04da39595a739a97c",
                            "password_data": "",
                            "placement_group": "",
                            "primary_network_interface_id": "eni-04da39595a739a97c",
                            "private_dns": "ip-172-28-3-155.us-east-2.compute.internal",
                            "private_ip": "172.28.3.155",
                            "public_dns": "",
                            "public_ip": "",
                            "root_block_device.#": "1",
                            "root_block_device.0.delete_on_termination": "true",
                            "root_block_device.0.iops": "100",
                            "root_block_device.0.volume_id": "vol-0b07cf3adc626b4c8",
                            "root_block_device.0.volume_size": "8",
                            "root_block_device.0.volume_type": "gp2",
                            "security_groups.#": "0",
                            "source_dest_check": "true",
                            "subnet_id": "subnet-0e44e05e6206b2b78",
                            "tags.%": "1",
                            "tags.Name": "database",
                            "tenancy": "default",
                            "user_data": "d309dea5f67e776834cbd590036a45784826d112",
                            "volume_tags.%": "0",
                            "vpc_security_group_ids.#": "1",
                            "vpc_security_group_ids.3011209781": "sg-01c082ead39ccd1c6"
                        },
                        "meta": {
                            "e2bfb730-ecaa-11e6-8f88-34363bc7c4c0": {
                                "create": 600000000000,
                                "delete": 1200000000000,
                                "update": 600000000000
                            },
                            "schema_version": "1"
                        },
                        "tainted": false
                    },
                    "deposed": [],
                    "provider": "provider.aws"
                },
                "aws_instance.phpapp.0": {
                    "type": "aws_instance",
                    "depends_on": [
                        "aws_security_group.FrontEnd",
                        "aws_subnet.PublicAZA"
                    ],
                    "primary": {
                        "id": "i-0f3cf2931750f3f00",
                        "attributes": {
                            "ami": "ami-ea87a78f",
                            "arn": "arn:aws:ec2:us-east-2:699293280973:instance/i-0f3cf2931750f3f00",
                            "associate_public_ip_address": "true",
                            "availability_zone": "us-east-2a",
                            "cpu_core_count": "1",
                            "cpu_threads_per_core": "1",
                            "credit_specification.#": "1",
                            "credit_specification.0.cpu_credits": "standard",
                            "disable_api_termination": "false",
                            "ebs_block_device.#": "0",
                            "ebs_optimized": "false",
                            "ephemeral_block_device.#": "0",
                            "get_password_data": "false",
                            "iam_instance_profile": "",
                            "id": "i-0f3cf2931750f3f00",
                            "instance_state": "running",
                            "instance_type": "t2.micro",
                            "ipv6_addresses.#": "0",
                            "key_name": "kasun",
                            "monitoring": "false",
                            "network_interface.#": "0",
                            "network_interface_id": "eni-0113fda07ebb97bbe",
                            "password_data": "",
                            "placement_group": "",
                            "primary_network_interface_id": "eni-0113fda07ebb97bbe",
                            "private_dns": "ip-172-28-0-118.us-east-2.compute.internal",
                            "private_ip": "172.28.0.118",
                            "public_dns": "ec2-18-224-33-225.us-east-2.compute.amazonaws.com",
                            "public_ip": "18.224.33.225",
                            "root_block_device.#": "1",
                            "root_block_device.0.delete_on_termination": "true",
                            "root_block_device.0.iops": "100",
                            "root_block_device.0.volume_id": "vol-0ea71ceeb884daeb6",
                            "root_block_device.0.volume_size": "8",
                            "root_block_device.0.volume_type": "gp2",
                            "security_groups.#": "0",
                            "source_dest_check": "true",
                            "subnet_id": "subnet-077e421eee27f5951",
                            "tags.%": "1",
                            "tags.Name": "phpapp",
                            "tenancy": "default",
                            "user_data": "06e1bb450a9a51ce212d9bc992ac9eb58c4a4da4",
                            "volume_tags.%": "0",
                            "vpc_security_group_ids.#": "1",
                            "vpc_security_group_ids.3129110154": "sg-072b31ff9da989169"
                        },
                        "meta": {
                            "e2bfb730-ecaa-11e6-8f88-34363bc7c4c0": {
                                "create": 600000000000,
                                "delete": 1200000000000,
                                "update": 600000000000
                            },
                            "schema_version": "1"
                        },
                        "tainted": false
                    },
                    "deposed": [],
                    "provider": "provider.aws"
                },
                "aws_instance.phpapp.1": {
                    "type": "aws_instance",
                    "depends_on": [
                        "aws_security_group.FrontEnd",
                        "aws_subnet.PublicAZA"
                    ],
                    "primary": {
                        "id": "i-0aa3c09b8f80dc921",
                        "attributes": {
                            "ami": "ami-ea87a78f",
                            "arn": "arn:aws:ec2:us-east-2:699293280973:instance/i-0aa3c09b8f80dc921",
                            "associate_public_ip_address": "true",
                            "availability_zone": "us-east-2a",
                            "cpu_core_count": "1",
                            "cpu_threads_per_core": "1",
                            "credit_specification.#": "1",
                            "credit_specification.0.cpu_credits": "standard",
                            "disable_api_termination": "false",
                            "ebs_block_device.#": "0",
                            "ebs_optimized": "false",
                            "ephemeral_block_device.#": "0",
                            "get_password_data": "false",
                            "iam_instance_profile": "",
                            "id": "i-0aa3c09b8f80dc921",
                            "instance_state": "running",
                            "instance_type": "t2.micro",
                            "ipv6_addresses.#": "0",
                            "key_name": "kasun",
                            "monitoring": "false",
                            "network_interface.#": "0",
                            "network_interface_id": "eni-06b1ae2e60bc1bafc",
                            "password_data": "",
                            "placement_group": "",
                            "primary_network_interface_id": "eni-06b1ae2e60bc1bafc",
                            "private_dns": "ip-172-28-0-101.us-east-2.compute.internal",
                            "private_ip": "172.28.0.101",
                            "public_dns": "ec2-18-217-100-241.us-east-2.compute.amazonaws.com",
                            "public_ip": "18.217.100.241",
                            "root_block_device.#": "1",
                            "root_block_device.0.delete_on_termination": "true",
                            "root_block_device.0.iops": "100",
                            "root_block_device.0.volume_id": "vol-09393b14528668d68",
                            "root_block_device.0.volume_size": "8",
                            "root_block_device.0.volume_type": "gp2",
                            "security_groups.#": "0",
                            "source_dest_check": "true",
                            "subnet_id": "subnet-077e421eee27f5951",
                            "tags.%": "1",
                            "tags.Name": "phpapp",
                            "tenancy": "default",
                            "user_data": "06e1bb450a9a51ce212d9bc992ac9eb58c4a4da4",
                            "volume_tags.%": "0",
                            "vpc_security_group_ids.#": "1",
                            "vpc_security_group_ids.3129110154": "sg-072b31ff9da989169"
                        },
                        "meta": {
                            "e2bfb730-ecaa-11e6-8f88-34363bc7c4c0": {
                                "create": 600000000000,
                                "delete": 1200000000000,
                                "update": 600000000000
                            },
                            "schema_version": "1"
                        },
                        "tainted": false
                    },
                    "deposed": [],
                    "provider": "provider.aws"
                },
                "aws_internet_gateway.gw": {
                    "type": "aws_internet_gateway",
                    "depends_on": [
                        "aws_vpc.terraformmain"
                    ],
                    "primary": {
                        "id": "igw-0c115be27bf465341",
                        "attributes": {
                            "id": "igw-0c115be27bf465341",
                            "tags.%": "1",
                            "tags.Name": "internet gw terraform generated",
                            "vpc_id": "vpc-018f366424a5cd4a2"
                        },
                        "meta": {},
                        "tainted": false
                    },
                    "deposed": [],
                    "provider": "provider.aws"
                },
                "aws_nat_gateway.PublicAZA": {
                    "type": "aws_nat_gateway",
                    "depends_on": [
                        "aws_eip.forNat",
                        "aws_internet_gateway.gw",
                        "aws_subnet.PublicAZA"
                    ],
                    "primary": {
                        "id": "nat-038852f988cbde07f",
                        "attributes": {
                            "allocation_id": "eipalloc-0cfab666b83dd4210",
                            "id": "nat-038852f988cbde07f",
                            "network_interface_id": "eni-0716d9e1e13695e4d",
                            "private_ip": "172.28.0.197",
                            "public_ip": "18.216.252.167",
                            "subnet_id": "subnet-077e421eee27f5951",
                            "tags.%": "0"
                        },
                        "meta": {},
                        "tainted": false
                    },
                    "deposed": [],
                    "provider": "provider.aws"
                },
                "aws_network_acl.all": {
                    "type": "aws_network_acl",
                    "depends_on": [
                        "aws_vpc.terraformmain"
                    ],
                    "primary": {
                        "id": "acl-00a35babf769d2d27",
                        "attributes": {
                            "egress.#": "1",
                            "egress.2943206146.action": "allow",
                            "egress.2943206146.cidr_block": "0.0.0.0/0",
                            "egress.2943206146.from_port": "0",
                            "egress.2943206146.icmp_code": "0",
                            "egress.2943206146.icmp_type": "0",
                            "egress.2943206146.ipv6_cidr_block": "",
                            "egress.2943206146.protocol": "-1",
                            "egress.2943206146.rule_no": "2",
                            "egress.2943206146.to_port": "0",
                            "id": "acl-00a35babf769d2d27",
                            "ingress.#": "1",
                            "ingress.1564094202.action": "allow",
                            "ingress.1564094202.cidr_block": "0.0.0.0/0",
                            "ingress.1564094202.from_port": "0",
                            "ingress.1564094202.icmp_code": "0",
                            "ingress.1564094202.icmp_type": "0",
                            "ingress.1564094202.ipv6_cidr_block": "",
                            "ingress.1564094202.protocol": "-1",
                            "ingress.1564094202.rule_no": "1",
                            "ingress.1564094202.to_port": "0",
                            "subnet_ids.#": "0",
                            "tags.%": "1",
                            "tags.Name": "open acl",
                            "vpc_id": "vpc-018f366424a5cd4a2"
                        },
                        "meta": {},
                        "tainted": false
                    },
                    "deposed": [],
                    "provider": "provider.aws"
                },
                "aws_route53_record.database": {
                    "type": "aws_route53_record",
                    "depends_on": [
                        "aws_instance.database",
                        "aws_route53_zone.main"
                    ],
                    "primary": {
                        "id": "Z1XEHW9P5URGK4_mydatabase.kasun.internal_A",
                        "attributes": {
                            "allow_overwrite": "true",
                            "fqdn": "mydatabase.kasun.internal",
                            "health_check_id": "",
                            "id": "Z1XEHW9P5URGK4_mydatabase.kasun.internal_A",
                            "name": "mydatabase.kasun.internal",
                            "records.#": "1",
                            "records.3317211573": "172.28.3.155",
                            "set_identifier": "",
                            "ttl": "300",
                            "type": "A",
                            "zone_id": "Z1XEHW9P5URGK4"
                        },
                        "meta": {
                            "schema_version": "2"
                        },
                        "tainted": false
                    },
                    "deposed": [],
                    "provider": "provider.aws"
                },
                "aws_route53_record.www": {
                    "type": "aws_route53_record",
                    "depends_on": [
                        "aws_elb.web",
                        "aws_route53_zone.main"
                    ],
                    "primary": {
                        "id": "Z1XEHW9P5URGK4_app.kasun.internal_CNAME",
                        "attributes": {
                            "allow_overwrite": "true",
                            "fqdn": "app.kasun.internal",
                            "health_check_id": "",
                            "id": "Z1XEHW9P5URGK4_app.kasun.internal_CNAME",
                            "name": "app.kasun.internal",
                            "records.#": "1",
                            "records.772800028": "kasun-elb-884033562.us-east-2.elb.amazonaws.com",
                            "set_identifier": "",
                            "ttl": "300",
                            "type": "CNAME",
                            "zone_id": "Z1XEHW9P5URGK4"
                        },
                        "meta": {
                            "schema_version": "2"
                        },
                        "tainted": false
                    },
                    "deposed": [],
                    "provider": "provider.aws"
                },
                "aws_route53_zone.main": {
                    "type": "aws_route53_zone",
                    "depends_on": [
                        "aws_vpc.terraformmain"
                    ],
                    "primary": {
                        "id": "Z1XEHW9P5URGK4",
                        "attributes": {
                            "comment": "Managed by terraform",
                            "force_destroy": "false",
                            "id": "Z1XEHW9P5URGK4",
                            "name": "kasun.internal",
                            "name_servers.#": "4",
                            "name_servers.0": "ns-0.awsdns-00.com.",
                            "name_servers.1": "ns-1024.awsdns-00.org.",
                            "name_servers.2": "ns-1536.awsdns-00.co.uk.",
                            "name_servers.3": "ns-512.awsdns-00.net.",
                            "tags.%": "0",
                            "vpc_id": "vpc-018f366424a5cd4a2",
                            "vpc_region": "us-east-2",
                            "zone_id": "Z1XEHW9P5URGK4"
                        },
                        "meta": {},
                        "tainted": false
                    },
                    "deposed": [],
                    "provider": "provider.aws"
                },
                "aws_route_table.private": {
                    "type": "aws_route_table",
                    "depends_on": [
                        "aws_nat_gateway.PublicAZA",
                        "aws_vpc.terraformmain"
                    ],
                    "primary": {
                        "id": "rtb-05b79cfc72467c9dc",
                        "attributes": {
                            "id": "rtb-05b79cfc72467c9dc",
                            "propagating_vgws.#": "0",
                            "route.#": "1",
                            "route.4159601848.cidr_block": "0.0.0.0/0",
                            "route.4159601848.egress_only_gateway_id": "",
                            "route.4159601848.gateway_id": "",
                            "route.4159601848.instance_id": "",
                            "route.4159601848.ipv6_cidr_block": "",
                            "route.4159601848.nat_gateway_id": "nat-038852f988cbde07f",
                            "route.4159601848.network_interface_id": "",
                            "route.4159601848.vpc_peering_connection_id": "",
                            "tags.%": "1",
                            "tags.Name": "Private",
                            "vpc_id": "vpc-018f366424a5cd4a2"
                        },
                        "meta": {},
                        "tainted": false
                    },
                    "deposed": [],
                    "provider": "provider.aws"
                },
                "aws_route_table.public": {
                    "type": "aws_route_table",
                    "depends_on": [
                        "aws_internet_gateway.gw",
                        "aws_vpc.terraformmain"
                    ],
                    "primary": {
                        "id": "rtb-0d2e6651700279c2d",
                        "attributes": {
                            "id": "rtb-0d2e6651700279c2d",
                            "propagating_vgws.#": "0",
                            "route.#": "1",
                            "route.2899477989.cidr_block": "0.0.0.0/0",
                            "route.2899477989.egress_only_gateway_id": "",
                            "route.2899477989.gateway_id": "igw-0c115be27bf465341",
                            "route.2899477989.instance_id": "",
                            "route.2899477989.ipv6_cidr_block": "",
                            "route.2899477989.nat_gateway_id": "",
                            "route.2899477989.network_interface_id": "",
                            "route.2899477989.vpc_peering_connection_id": "",
                            "tags.%": "1",
                            "tags.Name": "Public",
                            "vpc_id": "vpc-018f366424a5cd4a2"
                        },
                        "meta": {},
                        "tainted": false
                    },
                    "deposed": [],
                    "provider": "provider.aws"
                },
                "aws_route_table_association.PrivateAZA": {
                    "type": "aws_route_table_association",
                    "depends_on": [
                        "aws_route_table.private",
                        "aws_subnet.PrivateAZA"
                    ],
                    "primary": {
                        "id": "rtbassoc-047139fb83e9c96ff",
                        "attributes": {
                            "id": "rtbassoc-047139fb83e9c96ff",
                            "route_table_id": "rtb-05b79cfc72467c9dc",
                            "subnet_id": "subnet-0e44e05e6206b2b78"
                        },
                        "meta": {},
                        "tainted": false
                    },
                    "deposed": [],
                    "provider": "provider.aws"
                },
                "aws_route_table_association.PublicAZA": {
                    "type": "aws_route_table_association",
                    "depends_on": [
                        "aws_route_table.public",
                        "aws_subnet.PublicAZA"
                    ],
                    "primary": {
                        "id": "rtbassoc-07f7b7b09337027d3",
                        "attributes": {
                            "id": "rtbassoc-07f7b7b09337027d3",
                            "route_table_id": "rtb-0d2e6651700279c2d",
                            "subnet_id": "subnet-077e421eee27f5951"
                        },
                        "meta": {},
                        "tainted": false
                    },
                    "deposed": [],
                    "provider": "provider.aws"
                },
                "aws_security_group.Database": {
                    "type": "aws_security_group",
                    "depends_on": [
                        "aws_security_group.FrontEnd",
                        "aws_vpc.terraformmain"
                    ],
                    "primary": {
                        "id": "sg-01c082ead39ccd1c6",
                        "attributes": {
                            "arn": "arn:aws:ec2:us-east-2:699293280973:security-group/sg-01c082ead39ccd1c6",
                            "description": "ONLY tcp CONNECTION INBOUND",
                            "egress.#": "1",
                            "egress.482069346.cidr_blocks.#": "1",
                            "egress.482069346.cidr_blocks.0": "0.0.0.0/0",
                            "egress.482069346.description": "",
                            "egress.482069346.from_port": "0",
                            "egress.482069346.ipv6_cidr_blocks.#": "0",
                            "egress.482069346.prefix_list_ids.#": "0",
                            "egress.482069346.protocol": "-1",
                            "egress.482069346.security_groups.#": "0",
                            "egress.482069346.self": "false",
                            "egress.482069346.to_port": "0",
                            "id": "sg-01c082ead39ccd1c6",
                            "ingress.#": "2",
                            "ingress.2541437006.cidr_blocks.#": "1",
                            "ingress.2541437006.cidr_blocks.0": "0.0.0.0/0",
                            "ingress.2541437006.description": "",
                            "ingress.2541437006.from_port": "22",
                            "ingress.2541437006.ipv6_cidr_blocks.#": "0",
                            "ingress.2541437006.prefix_list_ids.#": "0",
                            "ingress.2541437006.protocol": "TCP",
                            "ingress.2541437006.security_groups.#": "0",
                            "ingress.2541437006.self": "false",
                            "ingress.2541437006.to_port": "22",
                            "ingress.804597655.cidr_blocks.#": "0",
                            "ingress.804597655.description": "",
                            "ingress.804597655.from_port": "3306",
                            "ingress.804597655.ipv6_cidr_blocks.#": "0",
                            "ingress.804597655.prefix_list_ids.#": "0",
                            "ingress.804597655.protocol": "TCP",
                            "ingress.804597655.security_groups.#": "1",
                            "ingress.804597655.security_groups.3129110154": "sg-072b31ff9da989169",
                            "ingress.804597655.self": "false",
                            "ingress.804597655.to_port": "3306",
                            "name": "Database",
                            "owner_id": "699293280973",
                            "revoke_rules_on_delete": "false",
                            "tags.%": "1",
                            "tags.Name": "Database",
                            "vpc_id": "vpc-018f366424a5cd4a2"
                        },
                        "meta": {
                            "e2bfb730-ecaa-11e6-8f88-34363bc7c4c0": {
                                "create": 600000000000,
                                "delete": 600000000000
                            },
                            "schema_version": "1"
                        },
                        "tainted": false
                    },
                    "deposed": [],
                    "provider": "provider.aws"
                },
                "aws_security_group.FrontEnd": {
                    "type": "aws_security_group",
                    "depends_on": [
                        "aws_vpc.terraformmain"
                    ],
                    "primary": {
                        "id": "sg-072b31ff9da989169",
                        "attributes": {
                            "arn": "arn:aws:ec2:us-east-2:699293280973:security-group/sg-072b31ff9da989169",
                            "description": "ONLY HTTP CONNECTION INBOUD",
                            "egress.#": "1",
                            "egress.482069346.cidr_blocks.#": "1",
                            "egress.482069346.cidr_blocks.0": "0.0.0.0/0",
                            "egress.482069346.description": "",
                            "egress.482069346.from_port": "0",
                            "egress.482069346.ipv6_cidr_blocks.#": "0",
                            "egress.482069346.prefix_list_ids.#": "0",
                            "egress.482069346.protocol": "-1",
                            "egress.482069346.security_groups.#": "0",
                            "egress.482069346.self": "false",
                            "egress.482069346.to_port": "0",
                            "id": "sg-072b31ff9da989169",
                            "ingress.#": "2",
                            "ingress.2214680975.cidr_blocks.#": "1",
                            "ingress.2214680975.cidr_blocks.0": "0.0.0.0/0",
                            "ingress.2214680975.description": "",
                            "ingress.2214680975.from_port": "80",
                            "ingress.2214680975.ipv6_cidr_blocks.#": "0",
                            "ingress.2214680975.prefix_list_ids.#": "0",
                            "ingress.2214680975.protocol": "TCP",
                            "ingress.2214680975.security_groups.#": "0",
                            "ingress.2214680975.self": "false",
                            "ingress.2214680975.to_port": "80",
                            "ingress.2541437006.cidr_blocks.#": "1",
                            "ingress.2541437006.cidr_blocks.0": "0.0.0.0/0",
                            "ingress.2541437006.description": "",
                            "ingress.2541437006.from_port": "22",
                            "ingress.2541437006.ipv6_cidr_blocks.#": "0",
                            "ingress.2541437006.prefix_list_ids.#": "0",
                            "ingress.2541437006.protocol": "TCP",
                            "ingress.2541437006.security_groups.#": "0",
                            "ingress.2541437006.self": "false",
                            "ingress.2541437006.to_port": "22",
                            "name": "FrontEnd",
                            "owner_id": "699293280973",
                            "revoke_rules_on_delete": "false",
                            "tags.%": "1",
                            "tags.Name": "FrontEnd",
                            "vpc_id": "vpc-018f366424a5cd4a2"
                        },
                        "meta": {
                            "e2bfb730-ecaa-11e6-8f88-34363bc7c4c0": {
                                "create": 600000000000,
                                "delete": 600000000000
                            },
                            "schema_version": "1"
                        },
                        "tainted": false
                    },
                    "deposed": [],
                    "provider": "provider.aws"
                },
                "aws_subnet.PrivateAZA": {
                    "type": "aws_subnet",
                    "depends_on": [
                        "aws_vpc.terraformmain",
                        "data.aws_availability_zones.available"
                    ],
                    "primary": {
                        "id": "subnet-0e44e05e6206b2b78",
                        "attributes": {
                            "arn": "arn:aws:ec2:us-east-2:699293280973:subnet/subnet-0e44e05e6206b2b78",
                            "assign_ipv6_address_on_creation": "false",
                            "availability_zone": "us-east-2b",
                            "cidr_block": "172.28.3.0/24",
                            "id": "subnet-0e44e05e6206b2b78",
                            "map_public_ip_on_launch": "false",
                            "tags.%": "1",
                            "tags.Name": "PublicAZB",
                            "vpc_id": "vpc-018f366424a5cd4a2"
                        },
                        "meta": {
                            "e2bfb730-ecaa-11e6-8f88-34363bc7c4c0": {
                                "create": 600000000000,
                                "delete": 600000000000
                            },
                            "schema_version": "1"
                        },
                        "tainted": false
                    },
                    "deposed": [],
                    "provider": "provider.aws"
                },
                "aws_subnet.PublicAZA": {
                    "type": "aws_subnet",
                    "depends_on": [
                        "aws_vpc.terraformmain",
                        "data.aws_availability_zones.available"
                    ],
                    "primary": {
                        "id": "subnet-077e421eee27f5951",
                        "attributes": {
                            "arn": "arn:aws:ec2:us-east-2:699293280973:subnet/subnet-077e421eee27f5951",
                            "assign_ipv6_address_on_creation": "false",
                            "availability_zone": "us-east-2a",
                            "cidr_block": "172.28.0.0/24",
                            "id": "subnet-077e421eee27f5951",
                            "map_public_ip_on_launch": "false",
                            "tags.%": "1",
                            "tags.Name": "PublicAZA",
                            "vpc_id": "vpc-018f366424a5cd4a2"
                        },
                        "meta": {
                            "e2bfb730-ecaa-11e6-8f88-34363bc7c4c0": {
                                "create": 600000000000,
                                "delete": 600000000000
                            },
                            "schema_version": "1"
                        },
                        "tainted": false
                    },
                    "deposed": [],
                    "provider": "provider.aws"
                },
                "aws_vpc.terraformmain": {
                    "type": "aws_vpc",
                    "depends_on": [],
                    "primary": {
                        "id": "vpc-018f366424a5cd4a2",
                        "attributes": {
                            "arn": "arn:aws:ec2:us-east-2:699293280973:vpc/vpc-018f366424a5cd4a2",
                            "assign_generated_ipv6_cidr_block": "false",
                            "cidr_block": "172.28.0.0/16",
                            "default_network_acl_id": "acl-074086572b17fbf88",
                            "default_route_table_id": "rtb-0facfd15e06955c28",
                            "default_security_group_id": "sg-0d5a24d60e423c8a7",
                            "dhcp_options_id": "dopt-0b9b089a1f5f3077d",
                            "enable_dns_hostnames": "true",
                            "enable_dns_support": "true",
                            "id": "vpc-018f366424a5cd4a2",
                            "instance_tenancy": "default",
                            "main_route_table_id": "rtb-0facfd15e06955c28",
                            "tags.%": "1",
                            "tags.Name": "My terraform vpc"
                        },
                        "meta": {
                            "schema_version": "1"
                        },
                        "tainted": false
                    },
                    "deposed": [],
                    "provider": "provider.aws"
                },
                "aws_vpc_dhcp_options.mydhcp": {
                    "type": "aws_vpc_dhcp_options",
                    "depends_on": [],
                    "primary": {
                        "id": "dopt-0b9b089a1f5f3077d",
                        "attributes": {
                            "domain_name": "kasun.internal",
                            "domain_name_servers.#": "1",
                            "domain_name_servers.0": "AmazonProvidedDNS",
                            "id": "dopt-0b9b089a1f5f3077d",
                            "tags.%": "1",
                            "tags.Name": "My internal name"
                        },
                        "meta": {},
                        "tainted": false
                    },
                    "deposed": [],
                    "provider": "provider.aws"
                },
                "aws_vpc_dhcp_options_association.dns_resolver": {
                    "type": "aws_vpc_dhcp_options_association",
                    "depends_on": [
                        "aws_vpc.terraformmain",
                        "aws_vpc_dhcp_options.mydhcp"
                    ],
                    "primary": {
                        "id": "dopt-0b9b089a1f5f3077d-vpc-018f366424a5cd4a2",
                        "attributes": {
                            "dhcp_options_id": "dopt-0b9b089a1f5f3077d",
                            "id": "dopt-0b9b089a1f5f3077d-vpc-018f366424a5cd4a2",
                            "vpc_id": "vpc-018f366424a5cd4a2"
                        },
                        "meta": {},
                        "tainted": false
                    },
                    "deposed": [],
                    "provider": "provider.aws"
                },
                "data.aws_availability_zones.available": {
                    "type": "aws_availability_zones",
                    "depends_on": [],
                    "primary": {
                        "id": "2018-10-04 01:05:31.254648517 +0000 UTC",
                        "attributes": {
                            "id": "2018-10-04 01:05:31.254648517 +0000 UTC",
                            "names.#": "3",
                            "names.0": "us-east-2a",
                            "names.1": "us-east-2b",
                            "names.2": "us-east-2c"
                        },
                        "meta": {},
                        "tainted": false
                    },
                    "deposed": [],
                    "provider": "provider.aws"
                }
            },
            "depends_on": []
        }
    ]
}
